# This file was autogenerated by Stack.
# You should not edit this file by hand.
# For more information, please see the documentation at:
#   https://docs.haskellstack.org/en/stable/lock_files

packages:
- completed:
    hackage: purescript-0.14.3@sha256:4b75604e86c335711e1b1f1f73ef381108d047c9277df1cdc71922ec7da7c181,18623
    pantry-tree:
      size: 132222
      sha256: e3957c9d2c96434fcf5e8f310b34f4ea696cc8e5f63e60958eae5c6e31aba4c6
  original:
    hackage: purescript-0.14.3
- completed:
    hackage: purescript-cst-0.3.0.0@sha256:369317d52737c4fa8c74a875283ed6cc0ef68e7c64db13d6e5bb7a7f72b76572,3861
    pantry-tree:
      size: 3018
      sha256: 38f94bcc121068215c6082bab39b6c555cadd3b88e786740c394a5c4b98c4100
  original:
    hackage: purescript-cst-0.3.0.0
- completed:
    hackage: language-javascript-0.7.0.0@sha256:3eab0262b8ac5621936a4beab6a0f97d0e00a63455a8b0e3ac1547b4088dae7d,3898
    pantry-tree:
      size: 2244
      sha256: b0f28d836cb3fbde203fd7318a896c3a20acd8653a905e1950ae2d9a64bccebf
  original:
    hackage: language-javascript-0.7.0.0
snapshots:
- completed:
    size: 565712
    url: https://raw.githubusercontent.com/commercialhaskell/stackage-snapshots/master/lts/17/6.yaml
    sha256: 4e5e581a709c88e3fe26a9ce8bf331435729bead762fb5c190064c6c5bb1b835
  original: lts-17.6
