# This file was autogenerated by Stack.
# You should not edit this file by hand.
# For more information, please see the documentation at:
#   https://docs.haskellstack.org/en/stable/lock_files

packages:
- completed:
    hackage: purescript-0.14.5@sha256:511f50e7f267b65e1f656cdff9f9665073496efdf4375a3a86aa68496dae7281,18623
    pantry-tree:
      size: 121096
      sha256: 895dfc2fc938d99930f4ad17d1c475baf59efb4ad0c64519dfd09e482db38ff3
  original:
    hackage: purescript-0.14.5
- completed:
    hackage: purescript-cst-0.4.0.0@sha256:bfe7be3962e83b645a4a8cd1805f31de17db3d3456962e1a2d17016fe5d7f96d,3861
    pantry-tree:
      size: 3018
      sha256: 1681432cc9fa87bc6344e7c604f94a15a016af6e4b7c3519ee035f0f51d90c9c
  original:
    hackage: purescript-cst-0.4.0.0
- completed:
    hackage: language-javascript-0.7.0.0@sha256:3eab0262b8ac5621936a4beab6a0f97d0e00a63455a8b0e3ac1547b4088dae7d,3898
    pantry-tree:
      size: 2244
      sha256: b0f28d836cb3fbde203fd7318a896c3a20acd8653a905e1950ae2d9a64bccebf
  original:
    hackage: language-javascript-0.7.0.0
snapshots:
- completed:
    size: 565712
    url: https://raw.githubusercontent.com/commercialhaskell/stackage-snapshots/master/lts/17/6.yaml
    sha256: 4e5e581a709c88e3fe26a9ce8bf331435729bead762fb5c190064c6c5bb1b835
  original: lts-17.6
