# This file was autogenerated by Stack.
# You should not edit this file by hand.
# For more information, please see the documentation at:
#   https://docs.haskellstack.org/en/stable/lock_files

packages:
- completed:
    hackage: purescript-0.15.13@sha256:ed7e4d3561ff6cbc7f950af2450a51f71648c47fece8b9a2b5100f0157a47615,21378
    pantry-tree:
      sha256: f91a02104c2bb596613dca4cf460e8e218488791b8d2f1d0641cd0e73c9eb072
      size: 159072
  original:
    hackage: purescript-0.15.13
- completed:
    hackage: language-javascript-0.7.0.0@sha256:3eab0262b8ac5621936a4beab6a0f97d0e00a63455a8b0e3ac1547b4088dae7d,3898
    pantry-tree:
      sha256: b0f28d836cb3fbde203fd7318a896c3a20acd8653a905e1950ae2d9a64bccebf
      size: 2244
  original:
    hackage: language-javascript-0.7.0.0
- completed:
    hackage: process-1.6.13.1@sha256:c8bb8b7c993ff72d771381b3b56852dd154bce51880a24789c11f57b0688d353,2963
    pantry-tree:
      sha256: 58117b15fa330c79b3bca6b29c65f815e45840f79cc0915d3434f25e54ac8fa5
      size: 1543
  original:
    hackage: process-1.6.13.1
- completed:
    hackage: Cabal-3.6.3.0@sha256:ff97c442b0c679c1c9876acd15f73ac4f602b973c45bde42b43ec28265ee48f4,12459
    pantry-tree:
      sha256: b250a53bdb56844f047a2927833bb565b936a289abfa85dfc2a63148d776368a
      size: 19757
  original:
    hackage: Cabal-3.6.3.0
- completed:
    hackage: protolude-0.3.1@sha256:1cc9e5a5c26c33a43c52b554443dd9779fef13974eaa0beec7ca6d2551b400da,2647
    pantry-tree:
      sha256: 6452a6ca8d395f7d810139779bb0fd16fc1dbb00f1862630bc08ef5a100430f9
      size: 1645
  original:
    hackage: protolude-0.3.1
snapshots:
- completed:
    sha256: c11fcbeb1aa12761044755b1109d16952ede2cb6147ebde777dd5cb38f784501
    size: 649333
    url: https://raw.githubusercontent.com/commercialhaskell/stackage-snapshots/master/lts/20/9.yaml
  original: lts-20.9
